{
  "name": "cs2-daily-news",
  "version": "1.0.0",
  "lockfileVersion": 3,
  "requires": true,
  "packages": {
    "": {
      "name": "cs2-daily-news",
      "version": "1.0.0",
      "license": "MIT",
      "dependencies": {
        "dotenv": "^16.3.1",
        "hltv-api": "^2.1.0",
        "nodemailer": "^6.9.7"
      }
    },
    "node_modules/dotenv": {
      "version": "16.3.1",
      "resolved": "https://registry.npmjs.org/dotenv/-/dotenv-16.3.1.tgz",
      "engines": {
        "node": ">=12"
      }
    },
    "node_modules/hltv-api": {
      "version": "2.1.0",
      "resolved": "https://registry.npmjs.org/hltv-api/-/hltv-api-2.1.0.tgz",
      "engines": {
        "node": ">=16"
      }
    },
    "node_modules/nodemailer": {
      "version": "6.9.7",
      "resolved": "https://registry.npmjs.org/nodemailer/-/nodemailer-6.9.7.tgz",
      "engines": {
        "node": ">=6.0.0"
      }
    }
  }
}
