{
  "name": "cs2-daily-news",
  "version": "1.0.0",
  "lockfileVersion": 3,
  "requires": true,
  "packages": {
    "": {
      "name": "cs2-daily-news",
      "version": "1.0.0",
      "license": "MIT",
      "dependencies": {
        "dotenv": "^16.3.1",
        "nodemailer": "^6.9.7"
      }
    },
    "node_modules/dotenv": {
      "version": "16.3.1",
      "resolved": "https://registry.npmjs.org/dotenv/-/dotenv-16.3.1.tgz",
      "integrity": "sha512-IPzF4w4/Rd94bA9imS68tZBaYyB9CEap2x2k/ESi1jWY0W2U6sIFH5jQkY0u+9p7kQ6tT0cLqV0I3D/2m8Jv/A==",
      "engines": {
        "node": ">=12"
      }
    },
    "node_modules/nodemailer": {
      "version": "6.9.7",
      "resolved": "https://registry.npmjs.org/nodemailer/-/nodemailer-6.9.7.tgz",
      "integrity": "sha512-rUtR77ksqex/cZtB+HhEiJXEsAX5OXAmCzdHx+tXPYBcY6LsTcN9WF0qGtVRh40+7O1QUkHlM+o+1+4tH4mEdA==",
      "engines": {
        "node": ">=6.0.0"
      }
    }
  }
}
